{
  "version": 4,
  "terraform_version": "0.13.3",
  "serial": 8,
  "lineage": "8c8b6b0f-0f60-fd21-1c24-890d0e024c00",
  "outputs": {},
  "resources": [
    {
      "mode": "managed",
      "type": "azurerm_mysql_database",
      "name": "mysqldb",
      "provider": "provider[\"registry.terraform.io/hashicorp/azurerm\"]",
      "instances": []
    },
    {
      "mode": "managed",
      "type": "azurerm_resource_group",
      "name": "rg",
      "provider": "provider[\"registry.terraform.io/hashicorp/azurerm\"]",
      "instances": [
        {
          "schema_version": 0,
          "attributes": {
            "id": "/subscriptions/e36f8773-edcc-4478-9bca-a5871046258e/resourceGroups/rg5sig5",
            "location": "westeurope",
            "name": "rg5sig5",
            "tags": {},
            "timeouts": null
          },
          "private": "eyJlMmJmYjczMC1lY2FhLTExZTYtOGY4OC0zNDM2M2JjN2M0YzAiOnsiY3JlYXRlIjo1NDAwMDAwMDAwMDAwLCJkZWxldGUiOjU0MDAwMDAwMDAwMDAsInJlYWQiOjMwMDAwMDAwMDAwMCwidXBkYXRlIjo1NDAwMDAwMDAwMDAwfX0="
        }
      ]
    }
  ]
}
